
Microsoft Visual Studio Solution File, Format Version 12.00
# Visual Studio Version 17
VisualStudioVersion = 17.6.33829.357
MinimumVisualStudioVersion = 10.0.40219.1
Project("{2150E333-8FDC-42A3-9474-1A3956D46DE8}") = "Solution Items", "Solution Items", "{C4563C88-9C80-4BD0-949E-AA64F111957E}"
	ProjectSection(SolutionItems) = preProject
		LICENSE = LICENSE
		README.md = README.md
	EndProjectSection
EndProject
Project("{2150E333-8FDC-42A3-9474-1A3956D46DE8}") = "nuget", "nuget", "{8FE1844F-26A4-47BE-9507-F0333D42FABE}"
	ProjectSection(SolutionItems) = preProject
		nuget\myget.bat = nuget\myget.bat
		nuget\nuget.bat = nuget\nuget.bat
		nuget\Transformalize.Transform.Jint.Autofac.nuspec = nuget\Transformalize.Transform.Jint.Autofac.nuspec
		nuget\Transformalize.Transform.Jint.nuspec = nuget\Transformalize.Transform.Jint.nuspec
		nuget\Transformalize.Validate.Jint.Autofac.nuspec = nuget\Transformalize.Validate.Jint.Autofac.nuspec
		nuget\Transformalize.Validate.Jint.nuspec = nuget\Transformalize.Validate.Jint.nuspec
	EndProjectSection
EndProject
Project("{9A19103F-16F7-4668-BE54-9A1E7A4F7556}") = "Transformalize.Transform.Jint", "src\Transformalize.Transform.Jint\Transformalize.Transform.Jint.csproj", "{1FEE06EF-A647-4464-A9C2-B22B44C9938E}"
EndProject
Project("{9A19103F-16F7-4668-BE54-9A1E7A4F7556}") = "Transformalize.Validate.Jint", "src\Transformalize.Validate.Jint\Transformalize.Validate.Jint.csproj", "{70D51C6B-0304-4CC8-9B37-3108FA016FB7}"
EndProject
Project("{9A19103F-16F7-4668-BE54-9A1E7A4F7556}") = "Transformalize.Transform.Jint.Autofac", "src\Transformalize.Transform.Jint.Autofac\Transformalize.Transform.Jint.Autofac.csproj", "{B1102BF4-0847-415B-BE52-B76F755D2301}"
EndProject
Project("{9A19103F-16F7-4668-BE54-9A1E7A4F7556}") = "Transformalize.Validate.Jint.Autofac", "src\Transformalize.Validate.Jint.Autofac\Transformalize.Validate.Jint.Autofac.csproj", "{AF749522-EB05-4166-8704-F7C3D517781F}"
EndProject
Project("{9A19103F-16F7-4668-BE54-9A1E7A4F7556}") = "Test.Integration.Core", "src\Test.Integration.Core\Test.Integration.Core.csproj", "{D66D2EFB-AE43-4453-9FA2-7920C2371503}"
EndProject
Project("{FAE04EC0-301F-11D3-BF4B-00C04F79EFBC}") = "Benchmark", "src\Benchmark\Benchmark.csproj", "{CE548D01-83E7-49AB-B56E-AF4E152F3EBF}"
EndProject
Global
	GlobalSection(SolutionConfigurationPlatforms) = preSolution
		Debug|Any CPU = Debug|Any CPU
		Release|Any CPU = Release|Any CPU
	EndGlobalSection
	GlobalSection(ProjectConfigurationPlatforms) = postSolution
		{1FEE06EF-A647-4464-A9C2-B22B44C9938E}.Debug|Any CPU.ActiveCfg = Debug|Any CPU
		{1FEE06EF-A647-4464-A9C2-B22B44C9938E}.Debug|Any CPU.Build.0 = Debug|Any CPU
		{1FEE06EF-A647-4464-A9C2-B22B44C9938E}.Release|Any CPU.ActiveCfg = Release|Any CPU
		{1FEE06EF-A647-4464-A9C2-B22B44C9938E}.Release|Any CPU.Build.0 = Release|Any CPU
		{70D51C6B-0304-4CC8-9B37-3108FA016FB7}.Debug|Any CPU.ActiveCfg = Debug|Any CPU
		{70D51C6B-0304-4CC8-9B37-3108FA016FB7}.Debug|Any CPU.Build.0 = Debug|Any CPU
		{70D51C6B-0304-4CC8-9B37-3108FA016FB7}.Release|Any CPU.ActiveCfg = Release|Any CPU
		{70D51C6B-0304-4CC8-9B37-3108FA016FB7}.Release|Any CPU.Build.0 = Release|Any CPU
		{B1102BF4-0847-415B-BE52-B76F755D2301}.Debug|Any CPU.ActiveCfg = Debug|Any CPU
		{B1102BF4-0847-415B-BE52-B76F755D2301}.Debug|Any CPU.Build.0 = Debug|Any CPU
		{B1102BF4-0847-415B-BE52-B76F755D2301}.Release|Any CPU.ActiveCfg = Release|Any CPU
		{B1102BF4-0847-415B-BE52-B76F755D2301}.Release|Any CPU.Build.0 = Release|Any CPU
		{AF749522-EB05-4166-8704-F7C3D517781F}.Debug|Any CPU.ActiveCfg = Debug|Any CPU
		{AF749522-EB05-4166-8704-F7C3D517781F}.Debug|Any CPU.Build.0 = Debug|Any CPU
		{AF749522-EB05-4166-8704-F7C3D517781F}.Release|Any CPU.ActiveCfg = Release|Any CPU
		{AF749522-EB05-4166-8704-F7C3D517781F}.Release|Any CPU.Build.0 = Release|Any CPU
		{D66D2EFB-AE43-4453-9FA2-7920C2371503}.Debug|Any CPU.ActiveCfg = Debug|Any CPU
		{D66D2EFB-AE43-4453-9FA2-7920C2371503}.Debug|Any CPU.Build.0 = Debug|Any CPU
		{D66D2EFB-AE43-4453-9FA2-7920C2371503}.Release|Any CPU.ActiveCfg = Release|Any CPU
		{D66D2EFB-AE43-4453-9FA2-7920C2371503}.Release|Any CPU.Build.0 = Release|Any CPU
		{CE548D01-83E7-49AB-B56E-AF4E152F3EBF}.Debug|Any CPU.ActiveCfg = Debug|Any CPU
		{CE548D01-83E7-49AB-B56E-AF4E152F3EBF}.Debug|Any CPU.Build.0 = Debug|Any CPU
		{CE548D01-83E7-49AB-B56E-AF4E152F3EBF}.Release|Any CPU.ActiveCfg = Release|Any CPU
		{CE548D01-83E7-49AB-B56E-AF4E152F3EBF}.Release|Any CPU.Build.0 = Release|Any CPU
	EndGlobalSection
	GlobalSection(SolutionProperties) = preSolution
		HideSolutionNode = FALSE
	EndGlobalSection
	GlobalSection(NestedProjects) = preSolution
		{8FE1844F-26A4-47BE-9507-F0333D42FABE} = {C4563C88-9C80-4BD0-949E-AA64F111957E}
	EndGlobalSection
	GlobalSection(ExtensibilityGlobals) = postSolution
		SolutionGuid = {960FC2FA-8CAD-47A3-8A4E-4173AE406E71}
	EndGlobalSection
EndGlobal
